
Microsoft Visual Studio Solution File, Format Version 12.00
# Visual Studio Version 17
VisualStudioVersion = 17.4.33213.308
MinimumVisualStudioVersion = 10.0.40219.1
Project("{FAE04EC0-301F-11D3-BF4B-00C04F79EFBC}") = "RevenueAuthorityCompanyWebAPI", "RevenueAuthorityCompanyWebAPI\RevenueAuthorityCompanyWebAPI.csproj", "{55430235-7686-43D2-85A3-0187836BFFAD}"
EndProject
Global
	GlobalSection(SolutionConfigurationPlatforms) = preSolution
		Debug|Any CPU = Debug|Any CPU
		Release|Any CPU = Release|Any CPU
	EndGlobalSection
	GlobalSection(ProjectConfigurationPlatforms) = postSolution
		{55430235-7686-43D2-85A3-0187836BFFAD}.Debug|Any CPU.ActiveCfg = Debug|Any CPU
		{55430235-7686-43D2-85A3-0187836BFFAD}.Debug|Any CPU.Build.0 = Debug|Any CPU
		{55430235-7686-43D2-85A3-0187836BFFAD}.Release|Any CPU.ActiveCfg = Release|Any CPU
		{55430235-7686-43D2-85A3-0187836BFFAD}.Release|Any CPU.Build.0 = Release|Any CPU
	EndGlobalSection
	GlobalSection(SolutionProperties) = preSolution
		HideSolutionNode = FALSE
	EndGlobalSection
	GlobalSection(ExtensibilityGlobals) = postSolution
		SolutionGuid = {FB6602EA-C9C6-4BF2-A596-CFEC23493A90}
	EndGlobalSection
EndGlobal
